
Microsoft Visual Studio Solution File, Format Version 12.00
# Visual Studio Version 16
VisualStudioVersion = 16.0.29806.167
MinimumVisualStudioVersion = 10.0.40219.1
Project("{FAE04EC0-301F-11D3-BF4B-00C04F79EFBC}") = "CoinJarRestAPI", "CoinJarRestAPI.csproj", "{AC2B221D-2970-4030-B2EA-56D60793AFE7}"
EndProject
Global
	GlobalSection(SolutionConfigurationPlatforms) = preSolution
		Debug|Any CPU = Debug|Any CPU
		Release|Any CPU = Release|Any CPU
	EndGlobalSection
	GlobalSection(ProjectConfigurationPlatforms) = postSolution
		{AC2B221D-2970-4030-B2EA-56D60793AFE7}.Debug|Any CPU.ActiveCfg = Debug|Any CPU
		{AC2B221D-2970-4030-B2EA-56D60793AFE7}.Debug|Any CPU.Build.0 = Debug|Any CPU
		{AC2B221D-2970-4030-B2EA-56D60793AFE7}.Release|Any CPU.ActiveCfg = Release|Any CPU
		{AC2B221D-2970-4030-B2EA-56D60793AFE7}.Release|Any CPU.Build.0 = Release|Any CPU
	EndGlobalSection
	GlobalSection(SolutionProperties) = preSolution
		HideSolutionNode = FALSE
	EndGlobalSection
	GlobalSection(ExtensibilityGlobals) = postSolution
		SolutionGuid = {8F117D19-4D62-402F-A3E5-F2238FB78D80}
	EndGlobalSection
EndGlobal
